
Microsoft Visual Studio Solution File, Format Version 12.00
# Visual Studio Version 16
VisualStudioVersion = 16.0.31129.286
MinimumVisualStudioVersion = 10.0.40219.1
Project("{FAE04EC0-301F-11D3-BF4B-00C04F79EFBC}") = "ProjectSemester3", "ProjectSemester3\ProjectSemester3.csproj", "{8CF6B31D-05A1-4C77-8B3D-C8887E4D56F4}"
EndProject
Global
	GlobalSection(SolutionConfigurationPlatforms) = preSolution
		Debug|Any CPU = Debug|Any CPU
		Release|Any CPU = Release|Any CPU
	EndGlobalSection
	GlobalSection(ProjectConfigurationPlatforms) = postSolution
		{8CF6B31D-05A1-4C77-8B3D-C8887E4D56F4}.Debug|Any CPU.ActiveCfg = Debug|Any CPU
		{8CF6B31D-05A1-4C77-8B3D-C8887E4D56F4}.Debug|Any CPU.Build.0 = Debug|Any CPU
		{8CF6B31D-05A1-4C77-8B3D-C8887E4D56F4}.Release|Any CPU.ActiveCfg = Release|Any CPU
		{8CF6B31D-05A1-4C77-8B3D-C8887E4D56F4}.Release|Any CPU.Build.0 = Release|Any CPU
	EndGlobalSection
	GlobalSection(SolutionProperties) = preSolution
		HideSolutionNode = FALSE
	EndGlobalSection
	GlobalSection(ExtensibilityGlobals) = postSolution
		SolutionGuid = {D29A6352-E988-4124-AF50-B64941DFCAF2}
	EndGlobalSection
EndGlobal
